
Microsoft Visual Studio Solution File, Format Version 12.00
# Visual Studio Version 17
VisualStudioVersion = 17.7.34031.279
MinimumVisualStudioVersion = 10.0.40219.1
Project("{FAE04EC0-301F-11D3-BF4B-00C04F79EFBC}") = "ConsoleApp27", "ConsoleApp27\ConsoleApp27.csproj", "{F9C76DED-1134-460E-8921-504093F5A6DF}"
EndProject
Global
	GlobalSection(SolutionConfigurationPlatforms) = preSolution
		Debug|Any CPU = Debug|Any CPU
		Release|Any CPU = Release|Any CPU
	EndGlobalSection
	GlobalSection(ProjectConfigurationPlatforms) = postSolution
		{F9C76DED-1134-460E-8921-504093F5A6DF}.Debug|Any CPU.ActiveCfg = Debug|Any CPU
		{F9C76DED-1134-460E-8921-504093F5A6DF}.Debug|Any CPU.Build.0 = Debug|Any CPU
		{F9C76DED-1134-460E-8921-504093F5A6DF}.Release|Any CPU.ActiveCfg = Release|Any CPU
		{F9C76DED-1134-460E-8921-504093F5A6DF}.Release|Any CPU.Build.0 = Release|Any CPU
	EndGlobalSection
	GlobalSection(SolutionProperties) = preSolution
		HideSolutionNode = FALSE
	EndGlobalSection
	GlobalSection(ExtensibilityGlobals) = postSolution
		SolutionGuid = {6982F42C-6617-4674-B6BD-7F207C43AD03}
	EndGlobalSection
EndGlobal
