
Microsoft Visual Studio Solution File, Format Version 12.00
# Visual Studio Version 17
VisualStudioVersion = 17.6.33829.357
MinimumVisualStudioVersion = 10.0.40219.1
Project("{FAE04EC0-301F-11D3-BF4B-00C04F79EFBC}") = "ConsoleApp8", "ConsoleApp8\ConsoleApp8.csproj", "{35C65995-F0D1-410D-A0DF-81BE8F55AFCA}"
EndProject
Global
	GlobalSection(SolutionConfigurationPlatforms) = preSolution
		Debug|Any CPU = Debug|Any CPU
		Release|Any CPU = Release|Any CPU
	EndGlobalSection
	GlobalSection(ProjectConfigurationPlatforms) = postSolution
		{35C65995-F0D1-410D-A0DF-81BE8F55AFCA}.Debug|Any CPU.ActiveCfg = Debug|Any CPU
		{35C65995-F0D1-410D-A0DF-81BE8F55AFCA}.Debug|Any CPU.Build.0 = Debug|Any CPU
		{35C65995-F0D1-410D-A0DF-81BE8F55AFCA}.Release|Any CPU.ActiveCfg = Release|Any CPU
		{35C65995-F0D1-410D-A0DF-81BE8F55AFCA}.Release|Any CPU.Build.0 = Release|Any CPU
	EndGlobalSection
	GlobalSection(SolutionProperties) = preSolution
		HideSolutionNode = FALSE
	EndGlobalSection
	GlobalSection(ExtensibilityGlobals) = postSolution
		SolutionGuid = {35680A39-4D62-4A20-95FF-4908AA5806C0}
	EndGlobalSection
EndGlobal
