
Microsoft Visual Studio Solution File, Format Version 12.00
# Visual Studio Version 17
VisualStudioVersion = 17.6.33829.357
MinimumVisualStudioVersion = 10.0.40219.1
Project("{FAE04EC0-301F-11D3-BF4B-00C04F79EFBC}") = "ConsoleApp17", "ConsoleApp17\ConsoleApp17.csproj", "{62408FBD-05BB-4493-9BF7-1BC9CAA5FF30}"
EndProject
Global
	GlobalSection(SolutionConfigurationPlatforms) = preSolution
		Debug|Any CPU = Debug|Any CPU
		Release|Any CPU = Release|Any CPU
	EndGlobalSection
	GlobalSection(ProjectConfigurationPlatforms) = postSolution
		{62408FBD-05BB-4493-9BF7-1BC9CAA5FF30}.Debug|Any CPU.ActiveCfg = Debug|Any CPU
		{62408FBD-05BB-4493-9BF7-1BC9CAA5FF30}.Debug|Any CPU.Build.0 = Debug|Any CPU
		{62408FBD-05BB-4493-9BF7-1BC9CAA5FF30}.Release|Any CPU.ActiveCfg = Release|Any CPU
		{62408FBD-05BB-4493-9BF7-1BC9CAA5FF30}.Release|Any CPU.Build.0 = Release|Any CPU
	EndGlobalSection
	GlobalSection(SolutionProperties) = preSolution
		HideSolutionNode = FALSE
	EndGlobalSection
	GlobalSection(ExtensibilityGlobals) = postSolution
		SolutionGuid = {3909E1A8-AE23-45FA-AED0-D9EA3E9C8AB0}
	EndGlobalSection
EndGlobal
