
Microsoft Visual Studio Solution File, Format Version 12.00
# Visual Studio Version 17
VisualStudioVersion = 17.7.34031.279
MinimumVisualStudioVersion = 10.0.40219.1
Project("{FAE04EC0-301F-11D3-BF4B-00C04F79EFBC}") = "Skyscraper", "Skyscraper.csproj", "{B7F6A832-92AB-4E31-A61F-B6701C61E69C}"
EndProject
Global
	GlobalSection(SolutionConfigurationPlatforms) = preSolution
		Debug|Any CPU = Debug|Any CPU
		Release|Any CPU = Release|Any CPU
	EndGlobalSection
	GlobalSection(ProjectConfigurationPlatforms) = postSolution
		{B7F6A832-92AB-4E31-A61F-B6701C61E69C}.Debug|Any CPU.ActiveCfg = Debug|Any CPU
		{B7F6A832-92AB-4E31-A61F-B6701C61E69C}.Debug|Any CPU.Build.0 = Debug|Any CPU
		{B7F6A832-92AB-4E31-A61F-B6701C61E69C}.Release|Any CPU.ActiveCfg = Release|Any CPU
		{B7F6A832-92AB-4E31-A61F-B6701C61E69C}.Release|Any CPU.Build.0 = Release|Any CPU
	EndGlobalSection
	GlobalSection(SolutionProperties) = preSolution
		HideSolutionNode = FALSE
	EndGlobalSection
	GlobalSection(ExtensibilityGlobals) = postSolution
		SolutionGuid = {B499D210-8D8F-4207-8C52-7F36037FED7A}
	EndGlobalSection
EndGlobal
